
Microsoft Visual Studio Solution File, Format Version 12.00
# Visual Studio 14
VisualStudioVersion = 14.0.25420.1
MinimumVisualStudioVersion = 10.0.40219.1
Project("{33AD0EE8-D99B-4E14-8CD9-3F56ABEF97A2}") = "AzureDay2017.Functions", "AzureDay2017.Functions\AzureDay2017.Functions.funproj", "{3C295CEB-1560-432D-B8B7-0F8E4E7F7221}"
EndProject
Global
	GlobalSection(SolutionConfigurationPlatforms) = preSolution
		Debug|Any CPU = Debug|Any CPU
		Release|Any CPU = Release|Any CPU
	EndGlobalSection
	GlobalSection(ProjectConfigurationPlatforms) = postSolution
		{3C295CEB-1560-432D-B8B7-0F8E4E7F7221}.Debug|Any CPU.ActiveCfg = Debug|Any CPU
		{3C295CEB-1560-432D-B8B7-0F8E4E7F7221}.Debug|Any CPU.Build.0 = Debug|Any CPU
		{3C295CEB-1560-432D-B8B7-0F8E4E7F7221}.Release|Any CPU.ActiveCfg = Release|Any CPU
		{3C295CEB-1560-432D-B8B7-0F8E4E7F7221}.Release|Any CPU.Build.0 = Release|Any CPU
	EndGlobalSection
	GlobalSection(SolutionProperties) = preSolution
		HideSolutionNode = FALSE
	EndGlobalSection
EndGlobal
